
Microsoft Visual Studio Solution File, Format Version 12.00
# Visual Studio Version 17
VisualStudioVersion = 17.3.32825.248
MinimumVisualStudioVersion = 10.0.40219.1
Project("{FAE04EC0-301F-11D3-BF4B-00C04F79EFBC}") = "CreateRelativePathShortcut", "CreateRelativePathShortcut\CreateRelativePathShortcut.csproj", "{3BC494FF-C247-4D32-8965-38EA7B463A15}"
EndProject
Project("{9A19103F-16F7-4668-BE54-9A1E7A4F7556}") = "Securify.PropertyStore", "PropertyStore\Securify.PropertyStore.csproj", "{92D6E8BC-D2AF-4EF6-B330-9EE713E07B88}"
EndProject
Project("{9A19103F-16F7-4668-BE54-9A1E7A4F7556}") = "Securify.ShellLink", "ShellLink\Securify.ShellLink.csproj", "{1F63ABFE-D95D-44A0-BD38-45DD7609900A}"
EndProject
Global
	GlobalSection(SolutionConfigurationPlatforms) = preSolution
		Debug|Any CPU = Debug|Any CPU
		Release|Any CPU = Release|Any CPU
	EndGlobalSection
	GlobalSection(ProjectConfigurationPlatforms) = postSolution
		{3BC494FF-C247-4D32-8965-38EA7B463A15}.Debug|Any CPU.ActiveCfg = Debug|Any CPU
		{3BC494FF-C247-4D32-8965-38EA7B463A15}.Debug|Any CPU.Build.0 = Debug|Any CPU
		{3BC494FF-C247-4D32-8965-38EA7B463A15}.Release|Any CPU.ActiveCfg = Release|Any CPU
		{3BC494FF-C247-4D32-8965-38EA7B463A15}.Release|Any CPU.Build.0 = Release|Any CPU
		{92D6E8BC-D2AF-4EF6-B330-9EE713E07B88}.Debug|Any CPU.ActiveCfg = Debug|Any CPU
		{92D6E8BC-D2AF-4EF6-B330-9EE713E07B88}.Debug|Any CPU.Build.0 = Debug|Any CPU
		{92D6E8BC-D2AF-4EF6-B330-9EE713E07B88}.Release|Any CPU.ActiveCfg = Release|Any CPU
		{92D6E8BC-D2AF-4EF6-B330-9EE713E07B88}.Release|Any CPU.Build.0 = Release|Any CPU
		{1F63ABFE-D95D-44A0-BD38-45DD7609900A}.Debug|Any CPU.ActiveCfg = Debug|Any CPU
		{1F63ABFE-D95D-44A0-BD38-45DD7609900A}.Debug|Any CPU.Build.0 = Debug|Any CPU
		{1F63ABFE-D95D-44A0-BD38-45DD7609900A}.Release|Any CPU.ActiveCfg = Release|Any CPU
		{1F63ABFE-D95D-44A0-BD38-45DD7609900A}.Release|Any CPU.Build.0 = Release|Any CPU
	EndGlobalSection
	GlobalSection(SolutionProperties) = preSolution
		HideSolutionNode = FALSE
	EndGlobalSection
	GlobalSection(ExtensibilityGlobals) = postSolution
		SolutionGuid = {806B3F00-6E36-4500-9FB6-AF642413C28C}
	EndGlobalSection
EndGlobal
